
Microsoft Visual Studio Solution File, Format Version 12.00
# Visual Studio Version 17
VisualStudioVersion = 17.3.32825.248
MinimumVisualStudioVersion = 10.0.40219.1
Project("{FAE04EC0-301F-11D3-BF4B-00C04F79EFBC}") = "BattleStatsMultiplier", "BattleStatsMultiplier.csproj", "{581710BE-D437-4FF1-9725-420E4C5243F0}"
EndProject
Global
	GlobalSection(SolutionConfigurationPlatforms) = preSolution
		Debug|Any CPU = Debug|Any CPU
		Release|Any CPU = Release|Any CPU
	EndGlobalSection
	GlobalSection(ProjectConfigurationPlatforms) = postSolution
		{581710BE-D437-4FF1-9725-420E4C5243F0}.Debug|Any CPU.ActiveCfg = Debug|Any CPU
		{581710BE-D437-4FF1-9725-420E4C5243F0}.Debug|Any CPU.Build.0 = Debug|Any CPU
		{581710BE-D437-4FF1-9725-420E4C5243F0}.Release|Any CPU.ActiveCfg = Release|Any CPU
		{581710BE-D437-4FF1-9725-420E4C5243F0}.Release|Any CPU.Build.0 = Release|Any CPU
	EndGlobalSection
	GlobalSection(SolutionProperties) = preSolution
		HideSolutionNode = FALSE
	EndGlobalSection
	GlobalSection(ExtensibilityGlobals) = postSolution
		SolutionGuid = {30114A2A-C007-4EEA-8995-550B52844DC1}
	EndGlobalSection
EndGlobal
